
Microsoft Visual Studio Solution File, Format Version 12.00
# Visual Studio Version 17
VisualStudioVersion = 17.1.32210.238
MinimumVisualStudioVersion = 10.0.40219.1
Project("{FAE04EC0-301F-11D3-BF4B-00C04F79EFBC}") = "N_puzzle", "N_puzzle\N_puzzle.csproj", "{736C3E23-E6B8-498E-927B-63DC6316EEBE}"
EndProject
Global
	GlobalSection(SolutionConfigurationPlatforms) = preSolution
		Debug|Any CPU = Debug|Any CPU
		Release|Any CPU = Release|Any CPU
	EndGlobalSection
	GlobalSection(ProjectConfigurationPlatforms) = postSolution
		{736C3E23-E6B8-498E-927B-63DC6316EEBE}.Debug|Any CPU.ActiveCfg = Debug|Any CPU
		{736C3E23-E6B8-498E-927B-63DC6316EEBE}.Debug|Any CPU.Build.0 = Debug|Any CPU
		{736C3E23-E6B8-498E-927B-63DC6316EEBE}.Release|Any CPU.ActiveCfg = Release|Any CPU
		{736C3E23-E6B8-498E-927B-63DC6316EEBE}.Release|Any CPU.Build.0 = Release|Any CPU
	EndGlobalSection
	GlobalSection(SolutionProperties) = preSolution
		HideSolutionNode = FALSE
	EndGlobalSection
	GlobalSection(ExtensibilityGlobals) = postSolution
		SolutionGuid = {02B8C335-E2B7-4795-A036-A3D6E779C4F5}
	EndGlobalSection
EndGlobal
